
Microsoft Visual Studio Solution File, Format Version 12.00
# Visual Studio 15
VisualStudioVersion = 15.0.26124.0
MinimumVisualStudioVersion = 15.0.26124.0
Project("{2150E333-8FDC-42A3-9474-1A3956D46DE8}") = "src", "src", "{5A41A45B-E8BE-4B01-9E5C-090E5330FBBA}"
EndProject
Project("{FAE04EC0-301F-11D3-BF4B-00C04F79EFBC}") = "GradeBook", "src\GradeBook\GradeBook.csproj", "{A515F857-0791-4CBA-9FEE-24411431E81B}"
EndProject
Project("{2150E333-8FDC-42A3-9474-1A3956D46DE8}") = "test", "test", "{50694105-4367-4CB1-B185-641878639EE6}"
EndProject
Project("{FAE04EC0-301F-11D3-BF4B-00C04F79EFBC}") = "GradeBook.Tests", "test\GradeBook.Tests\GradeBook.Tests.csproj", "{4EA92938-6944-4905-9DD0-BDBF6818107B}"
EndProject
Global
	GlobalSection(SolutionConfigurationPlatforms) = preSolution
		Debug|Any CPU = Debug|Any CPU
		Debug|x64 = Debug|x64
		Debug|x86 = Debug|x86
		Release|Any CPU = Release|Any CPU
		Release|x64 = Release|x64
		Release|x86 = Release|x86
	EndGlobalSection
	GlobalSection(SolutionProperties) = preSolution
		HideSolutionNode = FALSE
	EndGlobalSection
	GlobalSection(ProjectConfigurationPlatforms) = postSolution
		{A515F857-0791-4CBA-9FEE-24411431E81B}.Debug|Any CPU.ActiveCfg = Debug|Any CPU
		{A515F857-0791-4CBA-9FEE-24411431E81B}.Debug|Any CPU.Build.0 = Debug|Any CPU
		{A515F857-0791-4CBA-9FEE-24411431E81B}.Debug|x64.ActiveCfg = Debug|Any CPU
		{A515F857-0791-4CBA-9FEE-24411431E81B}.Debug|x64.Build.0 = Debug|Any CPU
		{A515F857-0791-4CBA-9FEE-24411431E81B}.Debug|x86.ActiveCfg = Debug|Any CPU
		{A515F857-0791-4CBA-9FEE-24411431E81B}.Debug|x86.Build.0 = Debug|Any CPU
		{A515F857-0791-4CBA-9FEE-24411431E81B}.Release|Any CPU.ActiveCfg = Release|Any CPU
		{A515F857-0791-4CBA-9FEE-24411431E81B}.Release|Any CPU.Build.0 = Release|Any CPU
		{A515F857-0791-4CBA-9FEE-24411431E81B}.Release|x64.ActiveCfg = Release|Any CPU
		{A515F857-0791-4CBA-9FEE-24411431E81B}.Release|x64.Build.0 = Release|Any CPU
		{A515F857-0791-4CBA-9FEE-24411431E81B}.Release|x86.ActiveCfg = Release|Any CPU
		{A515F857-0791-4CBA-9FEE-24411431E81B}.Release|x86.Build.0 = Release|Any CPU
		{4EA92938-6944-4905-9DD0-BDBF6818107B}.Debug|Any CPU.ActiveCfg = Debug|Any CPU
		{4EA92938-6944-4905-9DD0-BDBF6818107B}.Debug|Any CPU.Build.0 = Debug|Any CPU
		{4EA92938-6944-4905-9DD0-BDBF6818107B}.Debug|x64.ActiveCfg = Debug|Any CPU
		{4EA92938-6944-4905-9DD0-BDBF6818107B}.Debug|x64.Build.0 = Debug|Any CPU
		{4EA92938-6944-4905-9DD0-BDBF6818107B}.Debug|x86.ActiveCfg = Debug|Any CPU
		{4EA92938-6944-4905-9DD0-BDBF6818107B}.Debug|x86.Build.0 = Debug|Any CPU
		{4EA92938-6944-4905-9DD0-BDBF6818107B}.Release|Any CPU.ActiveCfg = Release|Any CPU
		{4EA92938-6944-4905-9DD0-BDBF6818107B}.Release|Any CPU.Build.0 = Release|Any CPU
		{4EA92938-6944-4905-9DD0-BDBF6818107B}.Release|x64.ActiveCfg = Release|Any CPU
		{4EA92938-6944-4905-9DD0-BDBF6818107B}.Release|x64.Build.0 = Release|Any CPU
		{4EA92938-6944-4905-9DD0-BDBF6818107B}.Release|x86.ActiveCfg = Release|Any CPU
		{4EA92938-6944-4905-9DD0-BDBF6818107B}.Release|x86.Build.0 = Release|Any CPU
	EndGlobalSection
	GlobalSection(NestedProjects) = preSolution
		{A515F857-0791-4CBA-9FEE-24411431E81B} = {5A41A45B-E8BE-4B01-9E5C-090E5330FBBA}
		{4EA92938-6944-4905-9DD0-BDBF6818107B} = {50694105-4367-4CB1-B185-641878639EE6}
	EndGlobalSection
EndGlobal
